
Microsoft Visual Studio Solution File, Format Version 12.00
# Visual Studio Version 17
VisualStudioVersion = 17.3.32804.467
MinimumVisualStudioVersion = 10.0.40219.1
Project("{9A19103F-16F7-4668-BE54-9A1E7A4F7556}") = "ExpenseManager.Console", "ExpenseManager.Console\ExpenseManager.Console.csproj", "{BD190B23-FC2E-4CEB-84E9-728E687E25CC}"
EndProject
Project("{9A19103F-16F7-4668-BE54-9A1E7A4F7556}") = "UserManagement.Lib", "UserManagement.Lib\UserManagement.Lib.csproj", "{21CD668E-BFAD-4E37-8E8D-5D3327181730}"
EndProject
Project("{9A19103F-16F7-4668-BE54-9A1E7A4F7556}") = "UserManagement.Test", "UserManagement.Test\UserManagement.Test.csproj", "{EE363FDB-C88A-42CA-BF10-8832891F5D34}"
EndProject
Project("{FAE04EC0-301F-11D3-BF4B-00C04F79EFBC}") = "ExpenseManager.API", "ExpenseManager.API\ExpenseManager.API.csproj", "{6313B758-DC77-4E7D-AD4F-03220058644F}"
EndProject
Global
	GlobalSection(SolutionConfigurationPlatforms) = preSolution
		Debug|Any CPU = Debug|Any CPU
		Release|Any CPU = Release|Any CPU
	EndGlobalSection
	GlobalSection(ProjectConfigurationPlatforms) = postSolution
		{BD190B23-FC2E-4CEB-84E9-728E687E25CC}.Debug|Any CPU.ActiveCfg = Debug|Any CPU
		{BD190B23-FC2E-4CEB-84E9-728E687E25CC}.Debug|Any CPU.Build.0 = Debug|Any CPU
		{BD190B23-FC2E-4CEB-84E9-728E687E25CC}.Release|Any CPU.ActiveCfg = Release|Any CPU
		{BD190B23-FC2E-4CEB-84E9-728E687E25CC}.Release|Any CPU.Build.0 = Release|Any CPU
		{21CD668E-BFAD-4E37-8E8D-5D3327181730}.Debug|Any CPU.ActiveCfg = Debug|Any CPU
		{21CD668E-BFAD-4E37-8E8D-5D3327181730}.Debug|Any CPU.Build.0 = Debug|Any CPU
		{21CD668E-BFAD-4E37-8E8D-5D3327181730}.Release|Any CPU.ActiveCfg = Release|Any CPU
		{21CD668E-BFAD-4E37-8E8D-5D3327181730}.Release|Any CPU.Build.0 = Release|Any CPU
		{EE363FDB-C88A-42CA-BF10-8832891F5D34}.Debug|Any CPU.ActiveCfg = Debug|Any CPU
		{EE363FDB-C88A-42CA-BF10-8832891F5D34}.Debug|Any CPU.Build.0 = Debug|Any CPU
		{EE363FDB-C88A-42CA-BF10-8832891F5D34}.Release|Any CPU.ActiveCfg = Release|Any CPU
		{EE363FDB-C88A-42CA-BF10-8832891F5D34}.Release|Any CPU.Build.0 = Release|Any CPU
		{6313B758-DC77-4E7D-AD4F-03220058644F}.Debug|Any CPU.ActiveCfg = Debug|Any CPU
		{6313B758-DC77-4E7D-AD4F-03220058644F}.Debug|Any CPU.Build.0 = Debug|Any CPU
		{6313B758-DC77-4E7D-AD4F-03220058644F}.Release|Any CPU.ActiveCfg = Release|Any CPU
		{6313B758-DC77-4E7D-AD4F-03220058644F}.Release|Any CPU.Build.0 = Release|Any CPU
	EndGlobalSection
	GlobalSection(SolutionProperties) = preSolution
		HideSolutionNode = FALSE
	EndGlobalSection
	GlobalSection(ExtensibilityGlobals) = postSolution
		SolutionGuid = {3C1FFA62-7A7D-4EDC-9377-7C5C71AB1155}
	EndGlobalSection
EndGlobal
